
Microsoft Visual Studio Solution File, Format Version 12.00
Project("{FAE04EC0-301F-11D3-BF4B-00C04F79EFBC}") = "CryptoExperiments", "CryptoExperiments\CryptoExperiments.csproj", "{3E6D17D9-E3F8-41F1-86C3-77F3B5EB9D7B}"
EndProject
Project("{2150E333-8FDC-42A3-9474-1A3956D46DE8}") = "ci", "ci", "{5EEACE6E-E63A-4732-89F7-4C9232D5FC75}"
ProjectSection(SolutionItems) = preProject
	ci.ps1 = ci.ps1
EndProjectSection
EndProject
Global
	GlobalSection(SolutionConfigurationPlatforms) = preSolution
		Debug|Any CPU = Debug|Any CPU
		Release|Any CPU = Release|Any CPU
	EndGlobalSection
	GlobalSection(ProjectConfigurationPlatforms) = postSolution
		{3E6D17D9-E3F8-41F1-86C3-77F3B5EB9D7B}.Debug|Any CPU.ActiveCfg = Debug|Any CPU
		{3E6D17D9-E3F8-41F1-86C3-77F3B5EB9D7B}.Debug|Any CPU.Build.0 = Debug|Any CPU
		{3E6D17D9-E3F8-41F1-86C3-77F3B5EB9D7B}.Release|Any CPU.ActiveCfg = Release|Any CPU
		{3E6D17D9-E3F8-41F1-86C3-77F3B5EB9D7B}.Release|Any CPU.Build.0 = Release|Any CPU
	EndGlobalSection
EndGlobal
